// !$*UTF8*$!
{
	archiveVersion = 1;
	classes = {
	};
	objectVersion = 46;
	objects = {

/* Begin PBXBuildFile section */
		FA54606E19C238A1002B0D08 /* Foundation.framework in Frameworks */ = {isa = PBXBuildFile; fileRef = FA54606D19C238A1002B0D08 /* Foundation.framework */; };
		FA54607019C238A1002B0D08 /* CoreGraphics.framework in Frameworks */ = {isa = PBXBuildFile; fileRef = FA54606F19C238A1002B0D08 /* CoreGraphics.framework */; };
		FA54607219C238A1002B0D08 /* UIKit.framework in Frameworks */ = {isa = PBXBuildFile; fileRef = FA54607119C238A1002B0D08 /* UIKit.framework */; };
		FA54607819C238A1002B0D08 /* InfoPlist.strings in Resources */ = {isa = PBXBuildFile; fileRef = FA54607619C238A1002B0D08 /* InfoPlist.strings */; };
		FA54607A19C238A1002B0D08 /* main.m in Sources */ = {isa = PBXBuildFile; fileRef = FA54607919C238A1002B0D08 /* main.m */; };
		FA54607E19C238A1002B0D08 /* AppDelegate.m in Sources */ = {isa = PBXBuildFile; fileRef = FA54607D19C238A1002B0D08 /* AppDelegate.m */; };
		FA54608119C238A1002B0D08 /* Main.storyboard in Resources */ = {isa = PBXBuildFile; fileRef = FA54607F19C238A1002B0D08 /* Main.storyboard */; };
		FA54608419C238A1002B0D08 /* ViewController.m in Sources */ = {isa = PBXBuildFile; fileRef = FA54608319C238A1002B0D08 /* ViewController.m */; };
		FA54608619C238A1002B0D08 /* Images.xcassets in Resources */ = {isa = PBXBuildFile; fileRef = FA54608519C238A1002B0D08 /* Images.xcassets */; };
		FA54608D19C238A2002B0D08 /* XCTest.framework in Frameworks */ = {isa = PBXBuildFile; fileRef = FA54608C19C238A2002B0D08 /* XCTest.framework */; };
		FA54608E19C238A2002B0D08 /* Foundation.framework in Frameworks */ = {isa = PBXBuildFile; fileRef = FA54606D19C238A1002B0D08 /* Foundation.framework */; };
		FA54608F19C238A2002B0D08 /* UIKit.framework in Frameworks */ = {isa = PBXBuildFile; fileRef = FA54607119C238A1002B0D08 /* UIKit.framework */; };
		FA54609719C238A2002B0D08 /* InfoPlist.strings in Resources */ = {isa = PBXBuildFile; fileRef = FA54609519C238A2002B0D08 /* InfoPlist.strings */; };
		FA54609919C238A2002B0D08 /* TTouchTests.m in Sources */ = {isa = PBXBuildFile; fileRef = FA54609819C238A2002B0D08 /* TTouchTests.m */; };
/* End PBXBuildFile section */

/* Begin PBXContainerItemProxy section */
		FA54609019C238A2002B0D08 /* PBXContainerItemProxy */ = {
			isa = PBXContainerItemProxy;
			containerPortal = FA54606219C238A1002B0D08 /* Project object */;
			proxyType = 1;
			remoteGlobalIDString = FA54606919C238A1002B0D08;
			remoteInfo = TTouch;
		};
/* End PBXContainerItemProxy section */

/* Begin PBXFileReference section */
		FA54606A19C238A1002B0D08 /* TTouch.app */ = {isa = PBXFileReference; explicitFileType = wrapper.application; includeInIndex = 0; path = TTouch.app; sourceTree = BUILT_PRODUCTS_DIR; };
		FA54606D19C238A1002B0D08 /* Foundation.framework */ = {isa = PBXFileReference; lastKnownFileType = wrapper.framework; name = Foundation.framework; path = System/Library/Frameworks/Foundation.framework; sourceTree = SDKROOT; };
		FA54606F19C238A1002B0D08 /* CoreGraphics.framework */ = {isa = PBXFileReference; lastKnownFileType = wrapper.framework; name = CoreGraphics.framework; path = System/Library/Frameworks/CoreGraphics.framework; sourceTree = SDKROOT; };
		FA54607119C238A1002B0D08 /* UIKit.framework */ = {isa = PBXFileReference; lastKnownFileType = wrapper.framework; name = UIKit.framework; path = System/Library/Frameworks/UIKit.framework; sourceTree = SDKROOT; };
		FA54607519C238A1002B0D08 /* TTouch-Info.plist */ = {isa = PBXFileReference; lastKnownFileType = text.plist.xml; path = "TTouch-Info.plist"; sourceTree = "<group>"; };
		FA54607719C238A1002B0D08 /* en */ = {isa = PBXFileReference; lastKnownFileType = text.plist.strings; name = en; path = en.lproj/InfoPlist.strings; sourceTree = "<group>"; };
		FA54607919C238A1002B0D08 /* main.m */ = {isa = PBXFileReference; lastKnownFileType = sourcecode.c.objc; path = main.m; sourceTree = "<group>"; };
		FA54607B19C238A1002B0D08 /* TTouch-Prefix.pch */ = {isa = PBXFileReference; lastKnownFileType = sourcecode.c.h; path = "TTouch-Prefix.pch"; sourceTree = "<group>"; };
		FA54607C19C238A1002B0D08 /* AppDelegate.h */ = {isa = PBXFileReference; lastKnownFileType = sourcecode.c.h; path = AppDelegate.h; sourceTree = "<group>"; };
		FA54607D19C238A1002B0D08 /* AppDelegate.m */ = {isa = PBXFileReference; lastKnownFileType = sourcecode.c.objc; path = AppDelegate.m; sourceTree = "<group>"; };
		FA54608019C238A1002B0D08 /* Base */ = {isa = PBXFileReference; lastKnownFileType = file.storyboard; name = Base; path = Base.lproj/Main.storyboard; sourceTree = "<group>"; };
		FA54608219C238A1002B0D08 /* ViewController.h */ = {isa = PBXFileReference; lastKnownFileType = sourcecode.c.h; path = ViewController.h; sourceTree = "<group>"; };
		FA54608319C238A1002B0D08 /* ViewController.m */ = {isa = PBXFileReference; lastKnownFileType = sourcecode.c.objc; path = ViewController.m; sourceTree = "<group>"; };
		FA54608519C238A1002B0D08 /* Images.xcassets */ = {isa = PBXFileReference; lastKnownFileType = folder.assetcatalog; path = Images.xcassets; sourceTree = "<group>"; };
		FA54608B19C238A2002B0D08 /* TTouchTests.xctest */ = {isa = PBXFileReference; explicitFileType = wrapper.cfbundle; includeInIndex = 0; path = TTouchTests.xctest; sourceTree = BUILT_PRODUCTS_DIR; };
		FA54608C19C238A2002B0D08 /* XCTest.framework */ = {isa = PBXFileReference; lastKnownFileType = wrapper.framework; name = XCTest.framework; path = Library/Frameworks/XCTest.framework; sourceTree = DEVELOPER_DIR; };
		FA54609419C238A2002B0D08 /* TTouchTests-Info.plist */ = {isa = PBXFileReference; lastKnownFileType = text.plist.xml; path = "TTouchTests-Info.plist"; sourceTree = "<group>"; };
		FA54609619C238A2002B0D08 /* en */ = {isa = PBXFileReference; lastKnownFileType = text.plist.strings; name = en; path = en.lproj/InfoPlist.strings; sourceTree = "<group>"; };
		FA54609819C238A2002B0D08 /* TTouchTests.m */ = {isa = PBXFileReference; lastKnownFileType = sourcecode.c.objc; path = TTouchTests.m; sourceTree = "<group>"; };
/* End PBXFileReference section */

/* Begin PBXFrameworksBuildPhase section */
		FA54606719C238A1002B0D08 /* Frameworks */ = {
			isa = PBXFrameworksBuildPhase;
			buildActionMask = 2147483647;
			files = (
				FA54607019C238A1002B0D08 /* CoreGraphics.framework in Frameworks */,
				FA54607219C238A1002B0D08 /* UIKit.framework in Frameworks */,
				FA54606E19C238A1002B0D08 /* Foundation.framework in Frameworks */,
			);
			runOnlyForDeploymentPostprocessing = 0;
		};
		FA54608819C238A2002B0D08 /* Frameworks */ = {
			isa = PBXFrameworksBuildPhase;
			buildActionMask = 2147483647;
			files = (
				FA54608D19C238A2002B0D08 /* XCTest.framework in Frameworks */,
				FA54608F19C238A2002B0D08 /* UIKit.framework in Frameworks */,
				FA54608E19C238A2002B0D08 /* Foundation.framework in Frameworks */,
			);
			runOnlyForDeploymentPostprocessing = 0;
		};
/* End PBXFrameworksBuildPhase section */

/* Begin PBXGroup section */
		FA54606119C238A1002B0D08 = {
			isa = PBXGroup;
			children = (
				FA54607319C238A1002B0D08 /* TTouch */,
				FA54609219C238A2002B0D08 /* TTouchTests */,
				FA54606C19C238A1002B0D08 /* Frameworks */,
				FA54606B19C238A1002B0D08 /* Products */,
			);
			sourceTree = "<group>";
		};
		FA54606B19C238A1002B0D08 /* Products */ = {
			isa = PBXGroup;
			children = (
				FA54606A19C238A1002B0D08 /* TTouch.app */,
				FA54608B19C238A2002B0D08 /* TTouchTests.xctest */,
			);
			name = Products;
			sourceTree = "<group>";
		};
		FA54606C19C238A1002B0D08 /* Frameworks */ = {
			isa = PBXGroup;
			children = (
				FA54606D19C238A1002B0D08 /* Foundation.framework */,
				FA54606F19C238A1002B0D08 /* CoreGraphics.framework */,
				FA54607119C238A1002B0D08 /* UIKit.framework */,
				FA54608C19C238A2002B0D08 /* XCTest.framework */,
			);
			name = Frameworks;
			sourceTree = "<group>";
		};
		FA54607319C238A1002B0D08 /* TTouch */ = {
			isa = PBXGroup;
			children = (
				FA54607C19C238A1002B0D08 /* AppDelegate.h */,
				FA54607D19C238A1002B0D08 /* AppDelegate.m */,
				FA54607F19C238A1002B0D08 /* Main.storyboard */,
				FA54608219C238A1002B0D08 /* ViewController.h */,
				FA54608319C238A1002B0D08 /* ViewController.m */,
				FA54608519C238A1002B0D08 /* Images.xcassets */,
				FA54607419C238A1002B0D08 /* Supporting Files */,
			);
			path = TTouch;
			sourceTree = "<group>";
		};
		FA54607419C238A1002B0D08 /* Supporting Files */ = {
			isa = PBXGroup;
			children = (
				FA54607519C238A1002B0D08 /* TTouch-Info.plist */,
				FA54607619C238A1002B0D08 /* InfoPlist.strings */,
				FA54607919C238A1002B0D08 /* main.m */,
				FA54607B19C238A1002B0D08 /* TTouch-Prefix.pch */,
			);
			name = "Supporting Files";
			sourceTree = "<group>";
		};
		FA54609219C238A2002B0D08 /* TTouchTests */ = {
			isa = PBXGroup;
			children = (
				FA54609819C238A2002B0D08 /* TTouchTests.m */,
				FA54609319C238A2002B0D08 /* Supporting Files */,
			);
			path = TTouchTests;
			sourceTree = "<group>";
		};
		FA54609319C238A2002B0D08 /* Supporting Files */ = {
			isa = PBXGroup;
			children = (
				FA54609419C238A2002B0D08 /* TTouchTests-Info.plist */,
				FA54609519C238A2002B0D08 /* InfoPlist.strings */,
			);
			name = "Supporting Files";
			sourceTree = "<group>";
		};
/* End PBXGroup section */

/* Begin PBXNativeTarget section */
		FA54606919C238A1002B0D08 /* TTouch */ = {
			isa = PBXNativeTarget;
			buildConfigurationList = FA54609C19C238A2002B0D08 /* Build configuration list for PBXNativeTarget "TTouch" */;
			buildPhases = (
				FA54606619C238A1002B0D08 /* Sources */,
				FA54606719C238A1002B0D08 /* Frameworks */,
				FA54606819C238A1002B0D08 /* Resources */,
			);
			buildRules = (
			);
			dependencies = (
			);
			name = TTouch;
			productName = TTouch;
			productReference = FA54606A19C238A1002B0D08 /* TTouch.app */;
			productType = "com.apple.product-type.application";
		};
		FA54608A19C238A2002B0D08 /* TTouchTests */ = {
			isa = PBXNativeTarget;
			buildConfigurationList = FA54609F19C238A2002B0D08 /* Build configuration list for PBXNativeTarget "TTouchTests" */;
			buildPhases = (
				FA54608719C238A2002B0D08 /* Sources */,
				FA54608819C238A2002B0D08 /* Frameworks */,
				FA54608919C238A2002B0D08 /* Resources */,
			);
			buildRules = (
			);
			dependencies = (
				FA54609119C238A2002B0D08 /* PBXTargetDependency */,
			);
			name = TTouchTests;
			productName = TTouchTests;
			productReference = FA54608B19C238A2002B0D08 /* TTouchTests.xctest */;
			productType = "com.apple.product-type.bundle.unit-test";
		};
/* End PBXNativeTarget section */

/* Begin PBXProject section */
		FA54606219C238A1002B0D08 /* Project object */ = {
			isa = PBXProject;
			attributes = {
				LastUpgradeCheck = 0510;
				ORGANIZATIONNAME = "Oluwatoni Fuwape";
				TargetAttributes = {
					FA54608A19C238A2002B0D08 = {
						TestTargetID = FA54606919C238A1002B0D08;
					};
				};
			};
			buildConfigurationList = FA54606519C238A1002B0D08 /* Build configuration list for PBXProject "TTouch" */;
			compatibilityVersion = "Xcode 3.2";
			developmentRegion = English;
			hasScannedForEncodings = 0;
			knownRegions = (
				en,
				Base,
			);
			mainGroup = FA54606119C238A1002B0D08;
			productRefGroup = FA54606B19C238A1002B0D08 /* Products */;
			projectDirPath = "";
			projectRoot = "";
			targets = (
				FA54606919C238A1002B0D08 /* TTouch */,
				FA54608A19C238A2002B0D08 /* TTouchTests */,
			);
		};
/* End PBXProject section */

/* Begin PBXResourcesBuildPhase section */
		FA54606819C238A1002B0D08 /* Resources */ = {
			isa = PBXResourcesBuildPhase;
			buildActionMask = 2147483647;
			files = (
				FA54608619C238A1002B0D08 /* Images.xcassets in Resources */,
				FA54607819C238A1002B0D08 /* InfoPlist.strings in Resources */,
				FA54608119C238A1002B0D08 /* Main.storyboard in Resources */,
			);
			runOnlyForDeploymentPostprocessing = 0;
		};
		FA54608919C238A2002B0D08 /* Resources */ = {
			isa = PBXResourcesBuildPhase;
			buildActionMask = 2147483647;
			files = (
				FA54609719C238A2002B0D08 /* InfoPlist.strings in Resources */,
			);
			runOnlyForDeploymentPostprocessing = 0;
		};
/* End PBXResourcesBuildPhase section */

/* Begin PBXSourcesBuildPhase section */
		FA54606619C238A1002B0D08 /* Sources */ = {
			isa = PBXSourcesBuildPhase;
			buildActionMask = 2147483647;
			files = (
				FA54608419C238A1002B0D08 /* ViewController.m in Sources */,
				FA54607E19C238A1002B0D08 /* AppDelegate.m in Sources */,
				FA54607A19C238A1002B0D08 /* main.m in Sources */,
			);
			runOnlyForDeploymentPostprocessing = 0;
		};
		FA54608719C238A2002B0D08 /* Sources */ = {
			isa = PBXSourcesBuildPhase;
			buildActionMask = 2147483647;
			files = (
				FA54609919C238A2002B0D08 /* TTouchTests.m in Sources */,
			);
			runOnlyForDeploymentPostprocessing = 0;
		};
/* End PBXSourcesBuildPhase section */

/* Begin PBXTargetDependency section */
		FA54609119C238A2002B0D08 /* PBXTargetDependency */ = {
			isa = PBXTargetDependency;
			target = FA54606919C238A1002B0D08 /* TTouch */;
			targetProxy = FA54609019C238A2002B0D08 /* PBXContainerItemProxy */;
		};
/* End PBXTargetDependency section */

/* Begin PBXVariantGroup section */
		FA54607619C238A1002B0D08 /* InfoPlist.strings */ = {
			isa = PBXVariantGroup;
			children = (
				FA54607719C238A1002B0D08 /* en */,
			);
			name = InfoPlist.strings;
			sourceTree = "<group>";
		};
		FA54607F19C238A1002B0D08 /* Main.storyboard */ = {
			isa = PBXVariantGroup;
			children = (
				FA54608019C238A1002B0D08 /* Base */,
			);
			name = Main.storyboard;
			sourceTree = "<group>";
		};
		FA54609519C238A2002B0D08 /* InfoPlist.strings */ = {
			isa = PBXVariantGroup;
			children = (
				FA54609619C238A2002B0D08 /* en */,
			);
			name = InfoPlist.strings;
			sourceTree = "<group>";
		};
/* End PBXVariantGroup section */

/* Begin XCBuildConfiguration section */
		FA54609A19C238A2002B0D08 /* Debug */ = {
			isa = XCBuildConfiguration;
			buildSettings = {
				ALWAYS_SEARCH_USER_PATHS = NO;
				CLANG_CXX_LANGUAGE_STANDARD = "gnu++0x";
				CLANG_CXX_LIBRARY = "libc++";
				CLANG_ENABLE_MODULES = YES;
				CLANG_ENABLE_OBJC_ARC = YES;
				CLANG_WARN_BOOL_CONVERSION = YES;
				CLANG_WARN_CONSTANT_CONVERSION = YES;
				CLANG_WARN_DIRECT_OBJC_ISA_USAGE = YES_ERROR;
				CLANG_WARN_EMPTY_BODY = YES;
				CLANG_WARN_ENUM_CONVERSION = YES;
				CLANG_WARN_INT_CONVERSION = YES;
				CLANG_WARN_OBJC_ROOT_CLASS = YES_ERROR;
				CLANG_WARN__DUPLICATE_METHOD_MATCH = YES;
				"CODE_SIGN_IDENTITY[sdk=iphoneos*]" = "iPhone Developer";
				COPY_PHASE_STRIP = NO;
				GCC_C_LANGUAGE_STANDARD = gnu99;
				GCC_DYNAMIC_NO_PIC = NO;
				GCC_OPTIMIZATION_LEVEL = 0;
				GCC_PREPROCESSOR_DEFINITIONS = (
					"DEBUG=1",
					"$(inherited)",
				);
				GCC_SYMBOLS_PRIVATE_EXTERN = NO;
				GCC_WARN_64_TO_32_BIT_CONVERSION = YES;
				GCC_WARN_ABOUT_RETURN_TYPE = YES_ERROR;
				GCC_WARN_UNDECLARED_SELECTOR = YES;
				GCC_WARN_UNINITIALIZED_AUTOS = YES_AGGRESSIVE;
				GCC_WARN_UNUSED_FUNCTION = YES;
				GCC_WARN_UNUSED_VARIABLE = YES;
				IPHONEOS_DEPLOYMENT_TARGET = 7.1;
				ONLY_ACTIVE_ARCH = YES;
				SDKROOT = iphoneos;
			};
			name = Debug;
		};
		FA54609B19C238A2002B0D08 /* Release */ = {
			isa = XCBuildConfiguration;
			buildSettings = {
				ALWAYS_SEARCH_USER_PATHS = NO;
				CLANG_CXX_LANGUAGE_STANDARD = "gnu++0x";
				CLANG_CXX_LIBRARY = "libc++";
				CLANG_ENABLE_MODULES = YES;
				CLANG_ENABLE_OBJC_ARC = YES;
				CLANG_WARN_BOOL_CONVERSION = YES;
				CLANG_WARN_CONSTANT_CONVERSION = YES;
				CLANG_WARN_DIRECT_OBJC_ISA_USAGE = YES_ERROR;
				CLANG_WARN_EMPTY_BODY = YES;
				CLANG_WARN_ENUM_CONVERSION = YES;
				CLANG_WARN_INT_CONVERSION = YES;
				CLANG_WARN_OBJC_ROOT_CLASS = YES_ERROR;
				CLANG_WARN__DUPLICATE_METHOD_MATCH = YES;
				"CODE_SIGN_IDENTITY[sdk=iphoneos*]" = "iPhone Developer";
				COPY_PHASE_STRIP = YES;
				ENABLE_NS_ASSERTIONS = NO;
				GCC_C_LANGUAGE_STANDARD = gnu99;
				GCC_WARN_64_TO_32_BIT_CONVERSION = YES;
				GCC_WARN_ABOUT_RETURN_TYPE = YES_ERROR;
				GCC_WARN_UNDECLARED_SELECTOR = YES;
				GCC_WARN_UNINITIALIZED_AUTOS = YES_AGGRESSIVE;
				GCC_WARN_UNUSED_FUNCTION = YES;
				GCC_WARN_UNUSED_VARIABLE = YES;
				IPHONEOS_DEPLOYMENT_TARGET = 7.1;
				SDKROOT = iphoneos;
				VALIDATE_PRODUCT = YES;
			};
			name = Release;
		};
		FA54609D19C238A2002B0D08 /* Debug */ = {
			isa = XCBuildConfiguration;
			buildSettings = {
				ASSETCATALOG_COMPILER_APPICON_NAME = AppIcon;
				ASSETCATALOG_COMPILER_LAUNCHIMAGE_NAME = LaunchImage;
				GCC_PRECOMPILE_PREFIX_HEADER = YES;
				GCC_PREFIX_HEADER = "TTouch/TTouch-Prefix.pch";
				INFOPLIST_FILE = "TTouch/TTouch-Info.plist";
				PRODUCT_NAME = "$(TARGET_NAME)";
				WRAPPER_EXTENSION = app;
			};
			name = Debug;
		};
		FA54609E19C238A2002B0D08 /* Release */ = {
			isa = XCBuildConfiguration;
			buildSettings = {
				ASSETCATALOG_COMPILER_APPICON_NAME = AppIcon;
				ASSETCATALOG_COMPILER_LAUNCHIMAGE_NAME = LaunchImage;
				GCC_PRECOMPILE_PREFIX_HEADER = YES;
				GCC_PREFIX_HEADER = "TTouch/TTouch-Prefix.pch";
				INFOPLIST_FILE = "TTouch/TTouch-Info.plist";
				PRODUCT_NAME = "$(TARGET_NAME)";
				WRAPPER_EXTENSION = app;
			};
			name = Release;
		};
		FA5460A019C238A2002B0D08 /* Debug */ = {
			isa = XCBuildConfiguration;
			buildSettings = {
				BUNDLE_LOADER = "$(BUILT_PRODUCTS_DIR)/TTouch.app/TTouch";
				FRAMEWORK_SEARCH_PATHS = (
					"$(SDKROOT)/Developer/Library/Frameworks",
					"$(inherited)",
					"$(DEVELOPER_FRAMEWORKS_DIR)",
				);
				GCC_PRECOMPILE_PREFIX_HEADER = YES;
				GCC_PREFIX_HEADER = "TTouch/TTouch-Prefix.pch";
				GCC_PREPROCESSOR_DEFINITIONS = (
					"DEBUG=1",
					"$(inherited)",
				);
				INFOPLIST_FILE = "TTouchTests/TTouchTests-Info.plist";
				PRODUCT_NAME = "$(TARGET_NAME)";
				TEST_HOST = "$(BUNDLE_LOADER)";
				WRAPPER_EXTENSION = xctest;
			};
			name = Debug;
		};
		FA5460A119C238A2002B0D08 /* Release */ = {
			isa = XCBuildConfiguration;
			buildSettings = {
				BUNDLE_LOADER = "$(BUILT_PRODUCTS_DIR)/TTouch.app/TTouch";
				FRAMEWORK_SEARCH_PATHS = (
					"$(SDKROOT)/Developer/Library/Frameworks",
					"$(inherited)",
					"$(DEVELOPER_FRAMEWORKS_DIR)",
				);
				GCC_PRECOMPILE_PREFIX_HEADER = YES;
				GCC_PREFIX_HEADER = "TTouch/TTouch-Prefix.pch";
				INFOPLIST_FILE = "TTouchTests/TTouchTests-Info.plist";
				PRODUCT_NAME = "$(TARGET_NAME)";
				TEST_HOST = "$(BUNDLE_LOADER)";
				WRAPPER_EXTENSION = xctest;
			};
			name = Release;
		};
/* End XCBuildConfiguration section */

/* Begin XCConfigurationList section */
		FA54606519C238A1002B0D08 /* Build configuration list for PBXProject "TTouch" */ = {
			isa = XCConfigurationList;
			buildConfigurations = (
				FA54609A19C238A2002B0D08 /* Debug */,
				FA54609B19C238A2002B0D08 /* Release */,
			);
			defaultConfigurationIsVisible = 0;
			defaultConfigurationName = Release;
		};
		FA54609C19C238A2002B0D08 /* Build configuration list for PBXNativeTarget "TTouch" */ = {
			isa = XCConfigurationList;
			buildConfigurations = (
				FA54609D19C238A2002B0D08 /* Debug */,
				FA54609E19C238A2002B0D08 /* Release */,
			);
			defaultConfigurationIsVisible = 0;
		};
		FA54609F19C238A2002B0D08 /* Build configuration list for PBXNativeTarget "TTouchTests" */ = {
			isa = XCConfigurationList;
			buildConfigurations = (
				FA5460A019C238A2002B0D08 /* Debug */,
				FA5460A119C238A2002B0D08 /* Release */,
			);
			defaultConfigurationIsVisible = 0;
		};
/* End XCConfigurationList section */
	};
	rootObject = FA54606219C238A1002B0D08 /* Project object */;
}
